{
  "name": "loc-count",
  "version": "1.0.0",
  "lockfileVersion": 1,
  "requires": true,
  "dependencies": {
    "@slimio/arg-checker": {
      "version": "0.1.0",
      "resolved": "https://registry.npmjs.org/@slimio/arg-checker/-/arg-checker-0.1.0.tgz",
      "integrity": "sha512-N498MbX0A1atrYm4F3EsuIMBbh1hEf8PIVUJSJENw9uxkrxYE/8s+voYqeV05IZfZZO6EPb9TB8Nx5W5zacNgw==",
      "requires": {
        "callsites": "^3.1.0",
        "clean-stack": "^2.1.0"
      }
    },
    "@slimio/is": {
      "version": "1.5.1",
      "resolved": "https://registry.npmjs.org/@slimio/is/-/is-1.5.1.tgz",
      "integrity": "sha512-xQ0AgodIE8nHYy508AVmpxqnIr/Ytyz5Xm7I6NQU33+RvDzs94T9c0dTnUWuariByLr1geXXe6kMaTM9TcOIEA=="
    },
    "callsites": {
      "version": "3.1.0",
      "resolved": "https://registry.npmjs.org/callsites/-/callsites-3.1.0.tgz",
      "integrity": "sha512-P8BjAsXvZS+VIDUI11hHCQEv74YT67YUi5JJFNWIqL235sBmjX4+qx9Muvls5ivyNENctx46xQLQ3aTuE7ssaQ=="
    },
    "clean-stack": {
      "version": "2.1.0",
      "resolved": "https://registry.npmjs.org/clean-stack/-/clean-stack-2.1.0.tgz",
      "integrity": "sha512-uQWrpRm+iZZUCAp7ZZJQbd4Za9I3AjR/3YTjmcnAtkauaIm/T5CT6U8zVI6e60T6OANqBFAzuR9/HB3NzuZCRA=="
    },
    "debug": {
      "version": "3.2.6",
      "resolved": "https://registry.npmjs.org/debug/-/debug-3.2.6.tgz",
      "integrity": "sha512-mel+jf7nrtEl5Pn1Qx46zARXKDpBbvzezse7p7LqINmdoIk8PYP5SySaxEmYv6TZ0JyEKA1hsCId6DIhgITtWQ==",
      "requires": {
        "ms": "^2.1.1"
      }
    },
    "get-value": {
      "version": "3.0.1",
      "resolved": "https://registry.npmjs.org/get-value/-/get-value-3.0.1.tgz",
      "integrity": "sha512-mKZj9JLQrwMBtj5wxi6MH8Z5eSKaERpAwjg43dPtlGI1ZVEgH/qC7T8/6R2OBSUA+zzHBZgICsVJaEIV2tKTDA==",
      "requires": {
        "isobject": "^3.0.1"
      }
    },
    "github-base": {
      "version": "1.0.0",
      "resolved": "https://registry.npmjs.org/github-base/-/github-base-1.0.0.tgz",
      "integrity": "sha512-5A9OOCQWK80v+bjVRzdK0M/5UtERN9vx9TkJMlkiJA24wu/+lrQLsq5MPQIrSONrSWwt83eAPtBcuQOc2FyK8A==",
      "requires": {
        "get-value": "^3.0.1",
        "needle": "^2.2.2",
        "paged-request": "^1.0.2",
        "parse-link-header": "^1.0.1",
        "qs": "^6.5.1",
        "use": "^3.1.0"
      }
    },
    "httpie": {
      "version": "1.1.2",
      "resolved": "https://registry.npmjs.org/httpie/-/httpie-1.1.2.tgz",
      "integrity": "sha512-VQ82oXG95oY1fQw/XecHuvcFBA+lZQ9Vwj1RfLcO8a7HpDd4cc2ukwpJt+TUlFaLUAzZErylxWu6wclJ1rUhUQ=="
    },
    "iconv-lite": {
      "version": "0.4.24",
      "resolved": "https://registry.npmjs.org/iconv-lite/-/iconv-lite-0.4.24.tgz",
      "integrity": "sha512-v3MXnZAcvnywkTUEZomIActle7RXXeedOR31wwl7VlyoXO4Qi9arvSenNQWne1TcRwhCL1HwLI21bEqdpj8/rA==",
      "requires": {
        "safer-buffer": ">= 2.1.2 < 3"
      }
    },
    "isobject": {
      "version": "3.0.1",
      "resolved": "https://registry.npmjs.org/isobject/-/isobject-3.0.1.tgz",
      "integrity": "sha1-TkMekrEalzFjaqH5yNHMvP2reN8="
    },
    "minimist": {
      "version": "1.2.0",
      "resolved": "https://registry.npmjs.org/minimist/-/minimist-1.2.0.tgz",
      "integrity": "sha1-o1AIsg9BOD7sH7kU9M1d95omQoQ="
    },
    "mkdirp": {
      "version": "0.5.1",
      "resolved": "https://registry.npmjs.org/mkdirp/-/mkdirp-0.5.1.tgz",
      "integrity": "sha1-MAV0OOrGz3+MR2fzhkjWaX11yQM=",
      "requires": {
        "minimist": "0.0.8"
      },
      "dependencies": {
        "minimist": {
          "version": "0.0.8",
          "resolved": "https://registry.npmjs.org/minimist/-/minimist-0.0.8.tgz",
          "integrity": "sha1-hX/Kv8M5fSYluCKCYuhqp6ARsF0="
        }
      }
    },
    "ms": {
      "version": "2.1.2",
      "resolved": "https://registry.npmjs.org/ms/-/ms-2.1.2.tgz",
      "integrity": "sha512-sGkPx+VjMtmA6MX27oA4FBFELFCZZ4S4XqeGOXCv68tT+jb3vk/RyaKWP0PTKyWtmLSM0b+adUTEvbs1PEaH2w=="
    },
    "needle": {
      "version": "2.4.0",
      "resolved": "https://registry.npmjs.org/needle/-/needle-2.4.0.tgz",
      "integrity": "sha512-4Hnwzr3mi5L97hMYeNl8wRW/Onhy4nUKR/lVemJ8gJedxxUyBLm9kkrDColJvoSfwi0jCNhD+xCdOtiGDQiRZg==",
      "requires": {
        "debug": "^3.2.6",
        "iconv-lite": "^0.4.4",
        "sax": "^1.2.4"
      }
    },
    "orgs": {
      "version": "1.0.0",
      "resolved": "https://registry.npmjs.org/orgs/-/orgs-1.0.0.tgz",
      "integrity": "sha512-/Lh3qy+lia1iU1kMFXsZLLR9CNnMxUYlrTnUDr+4qpRlKrs1tP3ItKMW5PUXdoQFj3tsPD+aJTGhtqe4k+IQ4A==",
      "requires": {
        "github-base": "^1.0.0"
      }
    },
    "paged-request": {
      "version": "1.0.2",
      "resolved": "https://registry.npmjs.org/paged-request/-/paged-request-1.0.2.tgz",
      "integrity": "sha512-2NXKpT0pWoVo31LQhGOfsqD8wViifq6Ml28H8WrqY0GbMvltvpDPx1YZ6jMeVXNbywjECdEhmC2/uFFS1MdMFQ==",
      "requires": {
        "needle": "^2.1.1"
      }
    },
    "parse-link-header": {
      "version": "1.0.1",
      "resolved": "https://registry.npmjs.org/parse-link-header/-/parse-link-header-1.0.1.tgz",
      "integrity": "sha1-vt/g0hGK64S+deewJUGeyKYRQKc=",
      "requires": {
        "xtend": "~4.0.1"
      }
    },
    "qs": {
      "version": "6.7.0",
      "resolved": "https://registry.npmjs.org/qs/-/qs-6.7.0.tgz",
      "integrity": "sha512-VCdBRNFTX1fyE7Nb6FYoURo/SPe62QCaAyzJvUjwRaIsc+NePBEniHlvxFmmX56+HZphIGtV0XeCirBtpDrTyQ=="
    },
    "repos": {
      "version": "2.0.0",
      "resolved": "https://registry.npmjs.org/repos/-/repos-2.0.0.tgz",
      "integrity": "sha512-PjcYgdbdz+oCISysl2hId5aED682Jne9Ze8hvEBLyp2vPiwZ2iD4Rh7TxEdU5/y3mOnezcdC5fvo+sEpTa32QQ==",
      "requires": {
        "github-base": "^1.0.0",
        "minimist": "^1.2.0",
        "orgs": "^1.0.0",
        "write": "^1.0.3"
      }
    },
    "safer-buffer": {
      "version": "2.1.2",
      "resolved": "https://registry.npmjs.org/safer-buffer/-/safer-buffer-2.1.2.tgz",
      "integrity": "sha512-YZo3K82SD7Riyi0E1EQPojLz7kpepnSQI9IyPbHHg1XXXevb5dJI7tpyN2ADxGcQbHG7vcyRHk0cbwqcQriUtg=="
    },
    "sax": {
      "version": "1.2.4",
      "resolved": "https://registry.npmjs.org/sax/-/sax-1.2.4.tgz",
      "integrity": "sha512-NqVDv9TpANUjFm0N8uM5GxL36UgKi9/atZw+x7YFnQ8ckwFGKrl4xX4yWtrey3UJm5nP1kUbnYgLopqWNSRhWw=="
    },
    "use": {
      "version": "3.1.1",
      "resolved": "https://registry.npmjs.org/use/-/use-3.1.1.tgz",
      "integrity": "sha512-cwESVXlO3url9YWlFW/TA9cshCEhtu7IKJ/p5soJ/gGpj7vbvFrAY/eIioQ6Dw23KjZhYgiIo8HOs1nQ2vr/oQ=="
    },
    "write": {
      "version": "1.0.3",
      "resolved": "https://registry.npmjs.org/write/-/write-1.0.3.tgz",
      "integrity": "sha512-/lg70HAjtkUgWPVZhZcm+T4hkL8Zbtp1nFNOn3lRrxnlv50SRBv7cR7RqR+GMsd3hUXy9hWBo4CHTbFTcOYwig==",
      "requires": {
        "mkdirp": "^0.5.1"
      }
    },
    "xtend": {
      "version": "4.0.1",
      "resolved": "https://registry.npmjs.org/xtend/-/xtend-4.0.1.tgz",
      "integrity": "sha1-pcbVMr5lbiPbgg77lDofBJmNY68="
    }
  }
}
